
Microsoft Visual Studio Solution File, Format Version 12.00
# Visual Studio Version 17
VisualStudioVersion = 17.9.34728.123
MinimumVisualStudioVersion = 10.0.40219.1
Project("{9A19103F-16F7-4668-BE54-9A1E7A4F7556}") = "Business", "Business\Business.csproj", "{1DA1E02E-5BD0-4951-8A3D-9D798FAFA99C}"
EndProject
Project("{9A19103F-16F7-4668-BE54-9A1E7A4F7556}") = "Core", "Core\Core.csproj", "{D435E54B-2260-4846-A64A-D5439176A21A}"
EndProject
Project("{9A19103F-16F7-4668-BE54-9A1E7A4F7556}") = "DataAccess", "DataAccess\DataAccess.csproj", "{6E8E8832-DC97-474C-BDAF-3512F1A3B8A7}"
EndProject
Project("{9A19103F-16F7-4668-BE54-9A1E7A4F7556}") = "Entities", "Entities\Entities.csproj", "{818F17CE-5FA9-4D28-BA29-4E4E9B020647}"
EndProject
Project("{FAE04EC0-301F-11D3-BF4B-00C04F79EFBC}") = "WebAPIdeneme", "WebAPIdeneme\WebAPIdeneme.csproj", "{F9D13F51-B3FD-4216-93A0-27A9F0F0833A}"
EndProject
Global
	GlobalSection(SolutionConfigurationPlatforms) = preSolution
		Debug|Any CPU = Debug|Any CPU
		Release|Any CPU = Release|Any CPU
	EndGlobalSection
	GlobalSection(ProjectConfigurationPlatforms) = postSolution
		{1DA1E02E-5BD0-4951-8A3D-9D798FAFA99C}.Debug|Any CPU.ActiveCfg = Debug|Any CPU
		{1DA1E02E-5BD0-4951-8A3D-9D798FAFA99C}.Debug|Any CPU.Build.0 = Debug|Any CPU
		{1DA1E02E-5BD0-4951-8A3D-9D798FAFA99C}.Release|Any CPU.ActiveCfg = Release|Any CPU
		{1DA1E02E-5BD0-4951-8A3D-9D798FAFA99C}.Release|Any CPU.Build.0 = Release|Any CPU
		{D435E54B-2260-4846-A64A-D5439176A21A}.Debug|Any CPU.ActiveCfg = Debug|Any CPU
		{D435E54B-2260-4846-A64A-D5439176A21A}.Debug|Any CPU.Build.0 = Debug|Any CPU
		{D435E54B-2260-4846-A64A-D5439176A21A}.Release|Any CPU.ActiveCfg = Release|Any CPU
		{D435E54B-2260-4846-A64A-D5439176A21A}.Release|Any CPU.Build.0 = Release|Any CPU
		{6E8E8832-DC97-474C-BDAF-3512F1A3B8A7}.Debug|Any CPU.ActiveCfg = Debug|Any CPU
		{6E8E8832-DC97-474C-BDAF-3512F1A3B8A7}.Debug|Any CPU.Build.0 = Debug|Any CPU
		{6E8E8832-DC97-474C-BDAF-3512F1A3B8A7}.Release|Any CPU.ActiveCfg = Release|Any CPU
		{6E8E8832-DC97-474C-BDAF-3512F1A3B8A7}.Release|Any CPU.Build.0 = Release|Any CPU
		{818F17CE-5FA9-4D28-BA29-4E4E9B020647}.Debug|Any CPU.ActiveCfg = Debug|Any CPU
		{818F17CE-5FA9-4D28-BA29-4E4E9B020647}.Debug|Any CPU.Build.0 = Debug|Any CPU
		{818F17CE-5FA9-4D28-BA29-4E4E9B020647}.Release|Any CPU.ActiveCfg = Release|Any CPU
		{818F17CE-5FA9-4D28-BA29-4E4E9B020647}.Release|Any CPU.Build.0 = Release|Any CPU
		{F9D13F51-B3FD-4216-93A0-27A9F0F0833A}.Debug|Any CPU.ActiveCfg = Debug|Any CPU
		{F9D13F51-B3FD-4216-93A0-27A9F0F0833A}.Debug|Any CPU.Build.0 = Debug|Any CPU
		{F9D13F51-B3FD-4216-93A0-27A9F0F0833A}.Release|Any CPU.ActiveCfg = Release|Any CPU
		{F9D13F51-B3FD-4216-93A0-27A9F0F0833A}.Release|Any CPU.Build.0 = Release|Any CPU
	EndGlobalSection
	GlobalSection(SolutionProperties) = preSolution
		HideSolutionNode = FALSE
	EndGlobalSection
	GlobalSection(ExtensibilityGlobals) = postSolution
		SolutionGuid = {6D34854F-7085-45E3-A51A-3E68037CBF95}
	EndGlobalSection
EndGlobal
